{
  "name": "getappshots-monorepo",
  "version": "1.0.0",
  "lockfileVersion": 3,
  "requires": true,
  "packages": {
    "": {
      "name": "getappshots-monorepo",
      "dependencies": {
        "react": "^19.2.3",
        "react-dom": "^19.2.3"
      },
      "devDependencies": {
        "turbo": "2.7.6"
      }
    },
    "node_modules/react": {
      "version": "19.2.3",
      "resolved": "https://registry.npmjs.org/react/-/react-19.2.3.tgz",
      "integrity": "sha512-oZmFvLwdQbgJj2IDlW2gYZmLMB7jsTZTIA8NZUe8h1o1FlZG4wYX/DHklS1ecRAXOtUr8m3U/b/U58WMJtsPg=="
    },
    "node_modules/react-dom": {
      "version": "19.2.3",
      "resolved": "https://registry.npmjs.org/react-dom/-/react-dom-19.2.3.tgz",
      "integrity": "sha512-aH2BE3nNvBi8HFvpTY5IlU5swfyr2am9eKbSp2Ym2EladFMWLgFcaKnEpq+FhNQevY4AP/xZyNdnNLN9OU99Mg==",
      "dependencies": {
        "scheduler": "^0.25.3"
      },
      "peerDependencies": {
        "react": "^19.2.3"
      }
    },
    "node_modules/scheduler": {
      "version": "0.25.3",
      "resolved": "https://registry.npmjs.org/scheduler/-/scheduler-0.25.3.tgz",
      "integrity": "sha512-wCqwsmGP4fnPphNJaR3YRCNqCBfGrg4RqroGVLFOLCPBUtLZOS3dHKQeQCb6MLqy5rE2ZCoAW3w3UDeFPHtRFQ=="
    },
    "node_modules/turbo": {
      "version": "2.7.6",
      "resolved": "https://registry.npmjs.org/turbo/-/turbo-2.7.6.tgz",
      "integrity": "sha512-zLjkvlgEkb8NoOu0WsyPGp+JVRgYH4hdqaqY1z9LE2+5FKCdVKmiDFH8jxNW1X8yAYMIr7nP6PlCK00NXJyK6Q==",
      "dev": true,
      "bin": {
        "turbo": "bin/turbo"
      },
      "engines": {
        "node": ">=10.0.0"
      },
      "optionalDependencies": {
        "turbo-darwin-64": "2.7.6",
        "turbo-darwin-arm64": "2.7.6",
        "turbo-linux-64": "2.7.6",
        "turbo-linux-arm64": "2.7.6",
        "turbo-windows-64": "2.7.6",
        "turbo-windows-arm64": "2.7.6"
      }
    }
  }
}